PODS:
  - MaterialComponents/AnimationTiming (55.0.4)
  - MaterialComponents/Buttons (55.0.4):
    - MaterialComponents/Ink
    - MaterialComponents/private/Math
    - MaterialComponents/private/Shapes
    - MaterialComponents/ShadowElevations
    - MaterialComponents/ShadowLayer
    - MaterialComponents/Typography
    - MDFInternationalization
    - MDFTextAccessibility
  - MaterialComponents/Ink (55.0.4):
    - MaterialComponents/private/Math
  - MaterialComponents/OverlayWindow (55.0.4):
    - MaterialComponents/private/Application
  - MaterialComponents/private/Application (55.0.4)
  - MaterialComponents/private/KeyboardWatcher (55.0.4):
    - MaterialComponents/private/Application
  - MaterialComponents/private/Math (55.0.4)
  - MaterialComponents/private/Overlay (55.0.4)
  - MaterialComponents/private/Shapes (55.0.4):
    - MaterialComponents/private/Math
    - MaterialComponents/ShadowLayer
  - MaterialComponents/ShadowElevations (55.0.4)
  - MaterialComponents/ShadowLayer (55.0.4):
    - MaterialComponents/ShadowElevations
  - MaterialComponents/Snackbar (55.0.4):
    - MaterialComponents/AnimationTiming
    - MaterialComponents/Buttons
    - MaterialComponents/OverlayWindow
    - MaterialComponents/private/Application
    - MaterialComponents/private/KeyboardWatcher
    - MaterialComponents/private/Overlay
    - MaterialComponents/Typography
  - MaterialComponents/Typography (55.0.4):
    - MaterialComponents/private/Application
  - MDFInternationalization (1.0.4)
  - MDFTextAccessibility (1.2.0)
  - PinLayout (1.7.3)
  - Realm (3.5.0):
    - Realm/Headers (= 3.5.0)
  - Realm/Headers (3.5.0)
  - RealmSwift (3.5.0):
    - Realm (= 3.5.0)

DEPENDENCIES:
  - MaterialComponents/Snackbar
  - PinLayout
  - RealmSwift

SPEC CHECKSUMS:
  MaterialComponents: 059f649876b2e1ed6a623ba689175493422cc7cd
  MDFInternationalization: e355b0cebecf53d60233bd267084e49366c82513
  MDFTextAccessibility: 94098925e0853551c5a311ce7c1ecefbe297cdb6
  PinLayout: 0c2e68dba036a291ca9278aa8b799f58506f2a6d
  Realm: 0378021c424e4e2bd6a0e63b27881e929d9b9ad1
  RealmSwift: 3322562622fda2ad596985ead4d8d8be30cf838c

PODFILE CHECKSUM: f77135a634dea17496691d4f75e2c1c1c7ffbbb2

COCOAPODS: 1.4.0
