// !$*UTF8*$!
{
	archiveVersion = 1;
	classes = {
	};
	objectVersion = 48;
	objects = {

/* Begin PBXBuildFile section */
		71A2CC0020BC682A00B64F72 /* DataManager.swift in Sources */ = {isa = PBXBuildFile; fileRef = 71A2CBFF20BC682A00B64F72 /* DataManager.swift */; };
		71A2CC0820BC75DB00B64F72 /* AppComponents.swift in Sources */ = {isa = PBXBuildFile; fileRef = 71A2CC0720BC75DB00B64F72 /* AppComponents.swift */; };
		71A2CC0F20BC76B700B64F72 /* NoteListProtocol.swift in Sources */ = {isa = PBXBuildFile; fileRef = 71A2CC0E20BC76B700B64F72 /* NoteListProtocol.swift */; };
		71A2CC1120BC781A00B64F72 /* NoteListInteractor.swift in Sources */ = {isa = PBXBuildFile; fileRef = 71A2CC1020BC781A00B64F72 /* NoteListInteractor.swift */; };
		71A2CC1320BC789200B64F72 /* NoteListPresenter.swift in Sources */ = {isa = PBXBuildFile; fileRef = 71A2CC1220BC789200B64F72 /* NoteListPresenter.swift */; };
		71A2CC1520BC792300B64F72 /* NoteListWireframe.swift in Sources */ = {isa = PBXBuildFile; fileRef = 71A2CC1420BC792300B64F72 /* NoteListWireframe.swift */; };
		71A2CC1720BC794600B64F72 /* NoteListViewController.swift in Sources */ = {isa = PBXBuildFile; fileRef = 71A2CC1620BC794600B64F72 /* NoteListViewController.swift */; };
		71A2CC1920BC79E400B64F72 /* NoteCell.swift in Sources */ = {isa = PBXBuildFile; fileRef = 71A2CC1820BC79E400B64F72 /* NoteCell.swift */; };
		71A2CC1D20BC7C7A00B64F72 /* DateExtension.swift in Sources */ = {isa = PBXBuildFile; fileRef = 71A2CC1C20BC7C7A00B64F72 /* DateExtension.swift */; };
		71A2CC2120BC7E7B00B64F72 /* BaseUIView.swift in Sources */ = {isa = PBXBuildFile; fileRef = 71A2CC2020BC7E7B00B64F72 /* BaseUIView.swift */; };
		71A2CC2320BC7E9100B64F72 /* BaseUIViewController.swift in Sources */ = {isa = PBXBuildFile; fileRef = 71A2CC2220BC7E9100B64F72 /* BaseUIViewController.swift */; };
		71A2CC2520BC7F1000B64F72 /* UIImageExtension.swift in Sources */ = {isa = PBXBuildFile; fileRef = 71A2CC2420BC7F1000B64F72 /* UIImageExtension.swift */; };
		71A2CC2720BC7F4800B64F72 /* TakeNoteView.swift in Sources */ = {isa = PBXBuildFile; fileRef = 71A2CC2620BC7F4800B64F72 /* TakeNoteView.swift */; };
		71A2CC2920BC805A00B64F72 /* TakeNoteViewDelegate.swift in Sources */ = {isa = PBXBuildFile; fileRef = 71A2CC2820BC805A00B64F72 /* TakeNoteViewDelegate.swift */; };
		71A2CC3020BC869400B64F72 /* NoteDetailProtocol.swift in Sources */ = {isa = PBXBuildFile; fileRef = 71A2CC2F20BC869400B64F72 /* NoteDetailProtocol.swift */; };
		71A2CC3220BC873600B64F72 /* NoteDetailInteractor.swift in Sources */ = {isa = PBXBuildFile; fileRef = 71A2CC3120BC873600B64F72 /* NoteDetailInteractor.swift */; };
		71A2CC3420BC87A800B64F72 /* NoteDetailPresenter.swift in Sources */ = {isa = PBXBuildFile; fileRef = 71A2CC3320BC87A800B64F72 /* NoteDetailPresenter.swift */; };
		71A2CC3620BC8B2000B64F72 /* NoteDetailViewController.swift in Sources */ = {isa = PBXBuildFile; fileRef = 71A2CC3520BC8B2000B64F72 /* NoteDetailViewController.swift */; };
		71A2CC3820BC8D6C00B64F72 /* NoteDetailWireframe.swift in Sources */ = {isa = PBXBuildFile; fileRef = 71A2CC3720BC8D6C00B64F72 /* NoteDetailWireframe.swift */; };
		71A2CC3A20BCEF2E00B64F72 /* BaseViewProtocol.swift in Sources */ = {isa = PBXBuildFile; fileRef = 71A2CC3920BCEF2E00B64F72 /* BaseViewProtocol.swift */; };
		71A2CC3E20BCF5DD00B64F72 /* NoteDetailViewDelegate.swift in Sources */ = {isa = PBXBuildFile; fileRef = 71A2CC3D20BCF5DD00B64F72 /* NoteDetailViewDelegate.swift */; };
		71A2CC4020BCFD6D00B64F72 /* .swiftlint.yml in Resources */ = {isa = PBXBuildFile; fileRef = 71A2CC3F20BCFD6C00B64F72 /* .swiftlint.yml */; };
		71C3866520B7E7D20058E0FA /* Notebook.swift in Sources */ = {isa = PBXBuildFile; fileRef = 71C3866420B7E7D20058E0FA /* Notebook.swift */; };
		71C3866720B7E81E0058E0FA /* Note.swift in Sources */ = {isa = PBXBuildFile; fileRef = 71C3866620B7E81E0058E0FA /* Note.swift */; };
		71C3866920B7E8C10058E0FA /* Attachment.swift in Sources */ = {isa = PBXBuildFile; fileRef = 71C3866820B7E8C10058E0FA /* Attachment.swift */; };
		71C3866C20B84DA70058E0FA /* DatabaseProtocol.swift in Sources */ = {isa = PBXBuildFile; fileRef = 71C3866B20B84DA70058E0FA /* DatabaseProtocol.swift */; };
		71C3866E20B84EF20058E0FA /* NoteDataManagerProtocol.swift in Sources */ = {isa = PBXBuildFile; fileRef = 71C3866D20B84EF20058E0FA /* NoteDataManagerProtocol.swift */; };
		71C3867020B84FAA0058E0FA /* NotebookDataManagerProtocol.swift in Sources */ = {isa = PBXBuildFile; fileRef = 71C3866F20B84FAA0058E0FA /* NotebookDataManagerProtocol.swift */; };
		71C3867220B850BE0058E0FA /* AttachmentDataMangerProtocol.swift in Sources */ = {isa = PBXBuildFile; fileRef = 71C3867120B850BE0058E0FA /* AttachmentDataMangerProtocol.swift */; };
		71C3867520B851350058E0FA /* NoteDataManager.swift in Sources */ = {isa = PBXBuildFile; fileRef = 71C3867420B851350058E0FA /* NoteDataManager.swift */; };
		71C3867720B8540B0058E0FA /* NotebookDataManager.swift in Sources */ = {isa = PBXBuildFile; fileRef = 71C3867620B8540B0058E0FA /* NotebookDataManager.swift */; };
		71C3867920B855210058E0FA /* AttachmentDataManger.swift in Sources */ = {isa = PBXBuildFile; fileRef = 71C3867820B855210058E0FA /* AttachmentDataManger.swift */; };
		71F1DB5E20A5ECE40046C481 /* AppDelegate.swift in Sources */ = {isa = PBXBuildFile; fileRef = 71F1DB5D20A5ECE40046C481 /* AppDelegate.swift */; };
		71F1DB6520A5ECE40046C481 /* Assets.xcassets in Resources */ = {isa = PBXBuildFile; fileRef = 71F1DB6420A5ECE40046C481 /* Assets.xcassets */; };
		71F1DB6820A5ECE40046C481 /* LaunchScreen.storyboard in Resources */ = {isa = PBXBuildFile; fileRef = 71F1DB6620A5ECE40046C481 /* LaunchScreen.storyboard */; };
		71F1DB7320A5ECE40046C481 /* NoteXTests.swift in Sources */ = {isa = PBXBuildFile; fileRef = 71F1DB7220A5ECE40046C481 /* NoteXTests.swift */; };
		F2FC6310247B3D140F6F4F44 /* Pods_NoteXTests.framework in Frameworks */ = {isa = PBXBuildFile; fileRef = FED525718B62EE6F9A9EC709 /* Pods_NoteXTests.framework */; };
		FA00A8719BB3786F084D5D5E /* Pods_NoteX.framework in Frameworks */ = {isa = PBXBuildFile; fileRef = 737885809947A1D7C274018E /* Pods_NoteX.framework */; };
/* End PBXBuildFile section */

/* Begin PBXContainerItemProxy section */
		71F1DB6F20A5ECE40046C481 /* PBXContainerItemProxy */ = {
			isa = PBXContainerItemProxy;
			containerPortal = 71F1DB5220A5ECE30046C481 /* Project object */;
			proxyType = 1;
			remoteGlobalIDString = 71F1DB5920A5ECE30046C481;
			remoteInfo = NoteX;
		};
/* End PBXContainerItemProxy section */

/* Begin PBXFileReference section */
		5F3E68AB56B33951342EB5F4 /* Pods-NoteXTests.release.xcconfig */ = {isa = PBXFileReference; includeInIndex = 1; lastKnownFileType = text.xcconfig; name = "Pods-NoteXTests.release.xcconfig"; path = "Pods/Target Support Files/Pods-NoteXTests/Pods-NoteXTests.release.xcconfig"; sourceTree = "<group>"; };
		705E0B7D15F8BC286272487C /* Pods-NoteXTests.debug.xcconfig */ = {isa = PBXFileReference; includeInIndex = 1; lastKnownFileType = text.xcconfig; name = "Pods-NoteXTests.debug.xcconfig"; path = "Pods/Target Support Files/Pods-NoteXTests/Pods-NoteXTests.debug.xcconfig"; sourceTree = "<group>"; };
		71A2CBFF20BC682A00B64F72 /* DataManager.swift */ = {isa = PBXFileReference; lastKnownFileType = sourcecode.swift; path = DataManager.swift; sourceTree = "<group>"; };
		71A2CC0720BC75DB00B64F72 /* AppComponents.swift */ = {isa = PBXFileReference; lastKnownFileType = sourcecode.swift; path = AppComponents.swift; sourceTree = "<group>"; };
		71A2CC0E20BC76B700B64F72 /* NoteListProtocol.swift */ = {isa = PBXFileReference; lastKnownFileType = sourcecode.swift; path = NoteListProtocol.swift; sourceTree = "<group>"; };
		71A2CC1020BC781A00B64F72 /* NoteListInteractor.swift */ = {isa = PBXFileReference; lastKnownFileType = sourcecode.swift; path = NoteListInteractor.swift; sourceTree = "<group>"; };
		71A2CC1220BC789200B64F72 /* NoteListPresenter.swift */ = {isa = PBXFileReference; lastKnownFileType = sourcecode.swift; path = NoteListPresenter.swift; sourceTree = "<group>"; };
		71A2CC1420BC792300B64F72 /* NoteListWireframe.swift */ = {isa = PBXFileReference; lastKnownFileType = sourcecode.swift; path = NoteListWireframe.swift; sourceTree = "<group>"; };
		71A2CC1620BC794600B64F72 /* NoteListViewController.swift */ = {isa = PBXFileReference; lastKnownFileType = sourcecode.swift; path = NoteListViewController.swift; sourceTree = "<group>"; };
		71A2CC1820BC79E400B64F72 /* NoteCell.swift */ = {isa = PBXFileReference; lastKnownFileType = sourcecode.swift; path = NoteCell.swift; sourceTree = "<group>"; };
		71A2CC1C20BC7C7A00B64F72 /* DateExtension.swift */ = {isa = PBXFileReference; lastKnownFileType = sourcecode.swift; path = DateExtension.swift; sourceTree = "<group>"; };
		71A2CC2020BC7E7B00B64F72 /* BaseUIView.swift */ = {isa = PBXFileReference; lastKnownFileType = sourcecode.swift; path = BaseUIView.swift; sourceTree = "<group>"; };
		71A2CC2220BC7E9100B64F72 /* BaseUIViewController.swift */ = {isa = PBXFileReference; lastKnownFileType = sourcecode.swift; path = BaseUIViewController.swift; sourceTree = "<group>"; };
		71A2CC2420BC7F1000B64F72 /* UIImageExtension.swift */ = {isa = PBXFileReference; lastKnownFileType = sourcecode.swift; path = UIImageExtension.swift; sourceTree = "<group>"; };
		71A2CC2620BC7F4800B64F72 /* TakeNoteView.swift */ = {isa = PBXFileReference; lastKnownFileType = sourcecode.swift; path = TakeNoteView.swift; sourceTree = "<group>"; };
		71A2CC2820BC805A00B64F72 /* TakeNoteViewDelegate.swift */ = {isa = PBXFileReference; lastKnownFileType = sourcecode.swift; path = TakeNoteViewDelegate.swift; sourceTree = "<group>"; };
		71A2CC2F20BC869400B64F72 /* NoteDetailProtocol.swift */ = {isa = PBXFileReference; lastKnownFileType = sourcecode.swift; path = NoteDetailProtocol.swift; sourceTree = "<group>"; };
		71A2CC3120BC873600B64F72 /* NoteDetailInteractor.swift */ = {isa = PBXFileReference; lastKnownFileType = sourcecode.swift; path = NoteDetailInteractor.swift; sourceTree = "<group>"; };
		71A2CC3320BC87A800B64F72 /* NoteDetailPresenter.swift */ = {isa = PBXFileReference; lastKnownFileType = sourcecode.swift; path = NoteDetailPresenter.swift; sourceTree = "<group>"; };
		71A2CC3520BC8B2000B64F72 /* NoteDetailViewController.swift */ = {isa = PBXFileReference; lastKnownFileType = sourcecode.swift; path = NoteDetailViewController.swift; sourceTree = "<group>"; };
		71A2CC3720BC8D6C00B64F72 /* NoteDetailWireframe.swift */ = {isa = PBXFileReference; lastKnownFileType = sourcecode.swift; path = NoteDetailWireframe.swift; sourceTree = "<group>"; };
		71A2CC3920BCEF2E00B64F72 /* BaseViewProtocol.swift */ = {isa = PBXFileReference; lastKnownFileType = sourcecode.swift; path = BaseViewProtocol.swift; sourceTree = "<group>"; };
		71A2CC3D20BCF5DD00B64F72 /* NoteDetailViewDelegate.swift */ = {isa = PBXFileReference; lastKnownFileType = sourcecode.swift; path = NoteDetailViewDelegate.swift; sourceTree = "<group>"; };
		71A2CC3F20BCFD6C00B64F72 /* .swiftlint.yml */ = {isa = PBXFileReference; fileEncoding = 4; lastKnownFileType = text; path = .swiftlint.yml; sourceTree = "<group>"; };
		71C3866420B7E7D20058E0FA /* Notebook.swift */ = {isa = PBXFileReference; lastKnownFileType = sourcecode.swift; path = Notebook.swift; sourceTree = "<group>"; };
		71C3866620B7E81E0058E0FA /* Note.swift */ = {isa = PBXFileReference; lastKnownFileType = sourcecode.swift; path = Note.swift; sourceTree = "<group>"; };
		71C3866820B7E8C10058E0FA /* Attachment.swift */ = {isa = PBXFileReference; lastKnownFileType = sourcecode.swift; path = Attachment.swift; sourceTree = "<group>"; };
		71C3866B20B84DA70058E0FA /* DatabaseProtocol.swift */ = {isa = PBXFileReference; lastKnownFileType = sourcecode.swift; path = DatabaseProtocol.swift; sourceTree = "<group>"; };
		71C3866D20B84EF20058E0FA /* NoteDataManagerProtocol.swift */ = {isa = PBXFileReference; lastKnownFileType = sourcecode.swift; path = NoteDataManagerProtocol.swift; sourceTree = "<group>"; };
		71C3866F20B84FAA0058E0FA /* NotebookDataManagerProtocol.swift */ = {isa = PBXFileReference; lastKnownFileType = sourcecode.swift; path = NotebookDataManagerProtocol.swift; sourceTree = "<group>"; };
		71C3867120B850BE0058E0FA /* AttachmentDataMangerProtocol.swift */ = {isa = PBXFileReference; lastKnownFileType = sourcecode.swift; path = AttachmentDataMangerProtocol.swift; sourceTree = "<group>"; };
		71C3867420B851350058E0FA /* NoteDataManager.swift */ = {isa = PBXFileReference; lastKnownFileType = sourcecode.swift; path = NoteDataManager.swift; sourceTree = "<group>"; };
		71C3867620B8540B0058E0FA /* NotebookDataManager.swift */ = {isa = PBXFileReference; lastKnownFileType = sourcecode.swift; path = NotebookDataManager.swift; sourceTree = "<group>"; };
		71C3867820B855210058E0FA /* AttachmentDataManger.swift */ = {isa = PBXFileReference; lastKnownFileType = sourcecode.swift; path = AttachmentDataManger.swift; sourceTree = "<group>"; };
		71F1DB5A20A5ECE40046C481 /* NoteX.app */ = {isa = PBXFileReference; explicitFileType = wrapper.application; includeInIndex = 0; path = NoteX.app; sourceTree = BUILT_PRODUCTS_DIR; };
		71F1DB5D20A5ECE40046C481 /* AppDelegate.swift */ = {isa = PBXFileReference; lastKnownFileType = sourcecode.swift; path = AppDelegate.swift; sourceTree = "<group>"; };
		71F1DB6420A5ECE40046C481 /* Assets.xcassets */ = {isa = PBXFileReference; lastKnownFileType = folder.assetcatalog; path = Assets.xcassets; sourceTree = "<group>"; };
		71F1DB6720A5ECE40046C481 /* Base */ = {isa = PBXFileReference; lastKnownFileType = file.storyboard; name = Base; path = Base.lproj/LaunchScreen.storyboard; sourceTree = "<group>"; };
		71F1DB6920A5ECE40046C481 /* Info.plist */ = {isa = PBXFileReference; lastKnownFileType = text.plist.xml; path = Info.plist; sourceTree = "<group>"; };
		71F1DB6E20A5ECE40046C481 /* NoteXTests.xctest */ = {isa = PBXFileReference; explicitFileType = wrapper.cfbundle; includeInIndex = 0; path = NoteXTests.xctest; sourceTree = BUILT_PRODUCTS_DIR; };
		71F1DB7220A5ECE40046C481 /* NoteXTests.swift */ = {isa = PBXFileReference; lastKnownFileType = sourcecode.swift; path = NoteXTests.swift; sourceTree = "<group>"; };
		71F1DB7420A5ECE40046C481 /* Info.plist */ = {isa = PBXFileReference; lastKnownFileType = text.plist.xml; path = Info.plist; sourceTree = "<group>"; };
		737885809947A1D7C274018E /* Pods_NoteX.framework */ = {isa = PBXFileReference; explicitFileType = wrapper.framework; includeInIndex = 0; path = Pods_NoteX.framework; sourceTree = BUILT_PRODUCTS_DIR; };
		7B37C5E3ACE983BB3B51FB8F /* Pods-NoteX.release.xcconfig */ = {isa = PBXFileReference; includeInIndex = 1; lastKnownFileType = text.xcconfig; name = "Pods-NoteX.release.xcconfig"; path = "Pods/Target Support Files/Pods-NoteX/Pods-NoteX.release.xcconfig"; sourceTree = "<group>"; };
		CD7593D46B452067F6CFE342 /* Pods-NoteX.debug.xcconfig */ = {isa = PBXFileReference; includeInIndex = 1; lastKnownFileType = text.xcconfig; name = "Pods-NoteX.debug.xcconfig"; path = "Pods/Target Support Files/Pods-NoteX/Pods-NoteX.debug.xcconfig"; sourceTree = "<group>"; };
		FED525718B62EE6F9A9EC709 /* Pods_NoteXTests.framework */ = {isa = PBXFileReference; explicitFileType = wrapper.framework; includeInIndex = 0; path = Pods_NoteXTests.framework; sourceTree = BUILT_PRODUCTS_DIR; };
/* End PBXFileReference section */

/* Begin PBXFrameworksBuildPhase section */
		71F1DB5720A5ECE30046C481 /* Frameworks */ = {
			isa = PBXFrameworksBuildPhase;
			buildActionMask = 2147483647;
			files = (
				FA00A8719BB3786F084D5D5E /* Pods_NoteX.framework in Frameworks */,
			);
			runOnlyForDeploymentPostprocessing = 0;
		};
		71F1DB6B20A5ECE40046C481 /* Frameworks */ = {
			isa = PBXFrameworksBuildPhase;
			buildActionMask = 2147483647;
			files = (
				F2FC6310247B3D140F6F4F44 /* Pods_NoteXTests.framework in Frameworks */,
			);
			runOnlyForDeploymentPostprocessing = 0;
		};
/* End PBXFrameworksBuildPhase section */

/* Begin PBXGroup section */
		096FF60D3D09B6F5A9A271AC /* Frameworks */ = {
			isa = PBXGroup;
			children = (
				737885809947A1D7C274018E /* Pods_NoteX.framework */,
				FED525718B62EE6F9A9EC709 /* Pods_NoteXTests.framework */,
			);
			name = Frameworks;
			sourceTree = "<group>";
		};
		1C272CEE504DE53DC20B50A9 /* Pods */ = {
			isa = PBXGroup;
			children = (
				CD7593D46B452067F6CFE342 /* Pods-NoteX.debug.xcconfig */,
				7B37C5E3ACE983BB3B51FB8F /* Pods-NoteX.release.xcconfig */,
				705E0B7D15F8BC286272487C /* Pods-NoteXTests.debug.xcconfig */,
				5F3E68AB56B33951342EB5F4 /* Pods-NoteXTests.release.xcconfig */,
			);
			name = Pods;
			sourceTree = "<group>";
		};
		71A2CC0120BC751A00B64F72 /* AppConfig */ = {
			isa = PBXGroup;
			children = (
				71F1DB5D20A5ECE40046C481 /* AppDelegate.swift */,
				71F1DB6920A5ECE40046C481 /* Info.plist */,
			);
			path = AppConfig;
			sourceTree = "<group>";
		};
		71A2CC0220BC752000B64F72 /* Components */ = {
			isa = PBXGroup;
			children = (
				71A2CC1A20BC7C5D00B64F72 /* AppComponents */,
				71A2CC1F20BC7E6B00B64F72 /* BaseClasses */,
				71A2CC1B20BC7C6900B64F72 /* Extensions */,
				71A2CC1E20BC7E4E00B64F72 /* TakeNoteView */,
			);
			path = Components;
			sourceTree = "<group>";
		};
		71A2CC0320BC752800B64F72 /* Resources */ = {
			isa = PBXGroup;
			children = (
				71F1DB6420A5ECE40046C481 /* Assets.xcassets */,
				71F1DB6620A5ECE40046C481 /* LaunchScreen.storyboard */,
			);
			path = Resources;
			sourceTree = "<group>";
		};
		71A2CC0420BC755A00B64F72 /* Screens */ = {
			isa = PBXGroup;
			children = (
				71A2CC0620BC758200B64F72 /* NoteDetail */,
				71A2CC0520BC756800B64F72 /* NoteList */,
			);
			path = Screens;
			sourceTree = "<group>";
		};
		71A2CC0520BC756800B64F72 /* NoteList */ = {
			isa = PBXGroup;
			children = (
				71A2CC0C20BC769900B64F72 /* Interactor */,
				71A2CC0A20BC768F00B64F72 /* Presenter */,
				71A2CC0920BC768900B64F72 /* Protocols */,
				71A2CC0D20BC76A300B64F72 /* View */,
				71A2CC0B20BC769400B64F72 /* Wireframe */,
			);
			path = NoteList;
			sourceTree = "<group>";
		};
		71A2CC0620BC758200B64F72 /* NoteDetail */ = {
			isa = PBXGroup;
			children = (
				71A2CC2C20BC866700B64F72 /* Interactor */,
				71A2CC2B20BC866200B64F72 /* Presenter */,
				71A2CC2A20BC865A00B64F72 /* Protocols */,
				71A2CC2E20BC867200B64F72 /* View */,
				71A2CC2D20BC866B00B64F72 /* Wireframe */,
			);
			path = NoteDetail;
			sourceTree = "<group>";
		};
		71A2CC0920BC768900B64F72 /* Protocols */ = {
			isa = PBXGroup;
			children = (
				71A2CC0E20BC76B700B64F72 /* NoteListProtocol.swift */,
			);
			path = Protocols;
			sourceTree = "<group>";
		};
		71A2CC0A20BC768F00B64F72 /* Presenter */ = {
			isa = PBXGroup;
			children = (
				71A2CC1220BC789200B64F72 /* NoteListPresenter.swift */,
			);
			path = Presenter;
			sourceTree = "<group>";
		};
		71A2CC0B20BC769400B64F72 /* Wireframe */ = {
			isa = PBXGroup;
			children = (
				71A2CC1420BC792300B64F72 /* NoteListWireframe.swift */,
			);
			path = Wireframe;
			sourceTree = "<group>";
		};
		71A2CC0C20BC769900B64F72 /* Interactor */ = {
			isa = PBXGroup;
			children = (
				71A2CC1020BC781A00B64F72 /* NoteListInteractor.swift */,
			);
			path = Interactor;
			sourceTree = "<group>";
		};
		71A2CC0D20BC76A300B64F72 /* View */ = {
			isa = PBXGroup;
			children = (
				71A2CC1620BC794600B64F72 /* NoteListViewController.swift */,
				71A2CC1820BC79E400B64F72 /* NoteCell.swift */,
			);
			path = View;
			sourceTree = "<group>";
		};
		71A2CC1A20BC7C5D00B64F72 /* AppComponents */ = {
			isa = PBXGroup;
			children = (
				71A2CC0720BC75DB00B64F72 /* AppComponents.swift */,
			);
			path = AppComponents;
			sourceTree = "<group>";
		};
		71A2CC1B20BC7C6900B64F72 /* Extensions */ = {
			isa = PBXGroup;
			children = (
				71A2CC1C20BC7C7A00B64F72 /* DateExtension.swift */,
				71A2CC2420BC7F1000B64F72 /* UIImageExtension.swift */,
			);
			path = Extensions;
			sourceTree = "<group>";
		};
		71A2CC1E20BC7E4E00B64F72 /* TakeNoteView */ = {
			isa = PBXGroup;
			children = (
				71A2CC2620BC7F4800B64F72 /* TakeNoteView.swift */,
				71A2CC2820BC805A00B64F72 /* TakeNoteViewDelegate.swift */,
			);
			path = TakeNoteView;
			sourceTree = "<group>";
		};
		71A2CC1F20BC7E6B00B64F72 /* BaseClasses */ = {
			isa = PBXGroup;
			children = (
				71A2CC2020BC7E7B00B64F72 /* BaseUIView.swift */,
				71A2CC2220BC7E9100B64F72 /* BaseUIViewController.swift */,
				71A2CC3920BCEF2E00B64F72 /* BaseViewProtocol.swift */,
			);
			path = BaseClasses;
			sourceTree = "<group>";
		};
		71A2CC2A20BC865A00B64F72 /* Protocols */ = {
			isa = PBXGroup;
			children = (
				71A2CC2F20BC869400B64F72 /* NoteDetailProtocol.swift */,
			);
			path = Protocols;
			sourceTree = "<group>";
		};
		71A2CC2B20BC866200B64F72 /* Presenter */ = {
			isa = PBXGroup;
			children = (
				71A2CC3320BC87A800B64F72 /* NoteDetailPresenter.swift */,
			);
			path = Presenter;
			sourceTree = "<group>";
		};
		71A2CC2C20BC866700B64F72 /* Interactor */ = {
			isa = PBXGroup;
			children = (
				71A2CC3120BC873600B64F72 /* NoteDetailInteractor.swift */,
			);
			path = Interactor;
			sourceTree = "<group>";
		};
		71A2CC2D20BC866B00B64F72 /* Wireframe */ = {
			isa = PBXGroup;
			children = (
				71A2CC3720BC8D6C00B64F72 /* NoteDetailWireframe.swift */,
			);
			path = Wireframe;
			sourceTree = "<group>";
		};
		71A2CC2E20BC867200B64F72 /* View */ = {
			isa = PBXGroup;
			children = (
				71A2CC3520BC8B2000B64F72 /* NoteDetailViewController.swift */,
				71A2CC3D20BCF5DD00B64F72 /* NoteDetailViewDelegate.swift */,
			);
			path = View;
			sourceTree = "<group>";
		};
		71C3866220B7E7A40058E0FA /* Database */ = {
			isa = PBXGroup;
			children = (
				71C3867320B851060058E0FA /* DataManager */,
				71C3866320B7E7AA0058E0FA /* DataModel */,
				71C3866A20B84D970058E0FA /* Protocols */,
			);
			path = Database;
			sourceTree = "<group>";
		};
		71C3866320B7E7AA0058E0FA /* DataModel */ = {
			isa = PBXGroup;
			children = (
				71C3866820B7E8C10058E0FA /* Attachment.swift */,
				71C3866620B7E81E0058E0FA /* Note.swift */,
				71C3866420B7E7D20058E0FA /* Notebook.swift */,
			);
			path = DataModel;
			sourceTree = "<group>";
		};
		71C3866A20B84D970058E0FA /* Protocols */ = {
			isa = PBXGroup;
			children = (
				71C3867120B850BE0058E0FA /* AttachmentDataMangerProtocol.swift */,
				71C3866B20B84DA70058E0FA /* DatabaseProtocol.swift */,
				71C3866F20B84FAA0058E0FA /* NotebookDataManagerProtocol.swift */,
				71C3866D20B84EF20058E0FA /* NoteDataManagerProtocol.swift */,
			);
			path = Protocols;
			sourceTree = "<group>";
		};
		71C3867320B851060058E0FA /* DataManager */ = {
			isa = PBXGroup;
			children = (
				71C3867820B855210058E0FA /* AttachmentDataManger.swift */,
				71A2CBFF20BC682A00B64F72 /* DataManager.swift */,
				71C3867620B8540B0058E0FA /* NotebookDataManager.swift */,
				71C3867420B851350058E0FA /* NoteDataManager.swift */,
			);
			path = DataManager;
			sourceTree = "<group>";
		};
		71F1DB5120A5ECE30046C481 = {
			isa = PBXGroup;
			children = (
				71A2CC3F20BCFD6C00B64F72 /* .swiftlint.yml */,
				71F1DB5C20A5ECE40046C481 /* NoteX */,
				71F1DB7120A5ECE40046C481 /* NoteXTests */,
				71F1DB5B20A5ECE40046C481 /* Products */,
				1C272CEE504DE53DC20B50A9 /* Pods */,
				096FF60D3D09B6F5A9A271AC /* Frameworks */,
			);
			sourceTree = "<group>";
		};
		71F1DB5B20A5ECE40046C481 /* Products */ = {
			isa = PBXGroup;
			children = (
				71F1DB5A20A5ECE40046C481 /* NoteX.app */,
				71F1DB6E20A5ECE40046C481 /* NoteXTests.xctest */,
			);
			name = Products;
			sourceTree = "<group>";
		};
		71F1DB5C20A5ECE40046C481 /* NoteX */ = {
			isa = PBXGroup;
			children = (
				71A2CC0120BC751A00B64F72 /* AppConfig */,
				71A2CC0220BC752000B64F72 /* Components */,
				71C3866220B7E7A40058E0FA /* Database */,
				71A2CC0320BC752800B64F72 /* Resources */,
				71A2CC0420BC755A00B64F72 /* Screens */,
			);
			path = NoteX;
			sourceTree = "<group>";
		};
		71F1DB7120A5ECE40046C481 /* NoteXTests */ = {
			isa = PBXGroup;
			children = (
				71F1DB7220A5ECE40046C481 /* NoteXTests.swift */,
				71F1DB7420A5ECE40046C481 /* Info.plist */,
			);
			path = NoteXTests;
			sourceTree = "<group>";
		};
/* End PBXGroup section */

/* Begin PBXNativeTarget section */
		71F1DB5920A5ECE30046C481 /* NoteX */ = {
			isa = PBXNativeTarget;
			buildConfigurationList = 71F1DB7720A5ECE40046C481 /* Build configuration list for PBXNativeTarget "NoteX" */;
			buildPhases = (
				D2FBF5CDB9C4BD9807F47AA4 /* [CP] Check Pods Manifest.lock */,
				71F1DB5620A5ECE30046C481 /* Sources */,
				71F1DB5720A5ECE30046C481 /* Frameworks */,
				71F1DB5820A5ECE30046C481 /* Resources */,
				F8646932B01761039D84D2C7 /* [CP] Embed Pods Frameworks */,
				2BF1DC950DDD6BFAC249A3FC /* [CP] Copy Pods Resources */,
				71A2CC4120BCFD8200B64F72 /* SwiftLint */,
			);
			buildRules = (
			);
			dependencies = (
			);
			name = NoteX;
			productName = NoteX;
			productReference = 71F1DB5A20A5ECE40046C481 /* NoteX.app */;
			productType = "com.apple.product-type.application";
		};
		71F1DB6D20A5ECE40046C481 /* NoteXTests */ = {
			isa = PBXNativeTarget;
			buildConfigurationList = 71F1DB7A20A5ECE40046C481 /* Build configuration list for PBXNativeTarget "NoteXTests" */;
			buildPhases = (
				D567435B1087AABC31D40039 /* [CP] Check Pods Manifest.lock */,
				71F1DB6A20A5ECE40046C481 /* Sources */,
				71F1DB6B20A5ECE40046C481 /* Frameworks */,
				71F1DB6C20A5ECE40046C481 /* Resources */,
				00859AD7E190DDEC5A140544 /* [CP] Embed Pods Frameworks */,
				BA022C6175A85CFDBA62C16C /* [CP] Copy Pods Resources */,
			);
			buildRules = (
			);
			dependencies = (
				71F1DB7020A5ECE40046C481 /* PBXTargetDependency */,
			);
			name = NoteXTests;
			productName = NoteXTests;
			productReference = 71F1DB6E20A5ECE40046C481 /* NoteXTests.xctest */;
			productType = "com.apple.product-type.bundle.unit-test";
		};
/* End PBXNativeTarget section */

/* Begin PBXProject section */
		71F1DB5220A5ECE30046C481 /* Project object */ = {
			isa = PBXProject;
			attributes = {
				LastSwiftUpdateCheck = 0920;
				LastUpgradeCheck = 0920;
				ORGANIZATIONNAME = "Dinh Quang Hieu";
				TargetAttributes = {
					71F1DB5920A5ECE30046C481 = {
						CreatedOnToolsVersion = 9.2;
						ProvisioningStyle = Automatic;
					};
					71F1DB6D20A5ECE40046C481 = {
						CreatedOnToolsVersion = 9.2;
						ProvisioningStyle = Automatic;
						TestTargetID = 71F1DB5920A5ECE30046C481;
					};
				};
			};
			buildConfigurationList = 71F1DB5520A5ECE30046C481 /* Build configuration list for PBXProject "NoteX" */;
			compatibilityVersion = "Xcode 8.0";
			developmentRegion = en;
			hasScannedForEncodings = 0;
			knownRegions = (
				en,
				Base,
			);
			mainGroup = 71F1DB5120A5ECE30046C481;
			productRefGroup = 71F1DB5B20A5ECE40046C481 /* Products */;
			projectDirPath = "";
			projectRoot = "";
			targets = (
				71F1DB5920A5ECE30046C481 /* NoteX */,
				71F1DB6D20A5ECE40046C481 /* NoteXTests */,
			);
		};
/* End PBXProject section */

/* Begin PBXResourcesBuildPhase section */
		71F1DB5820A5ECE30046C481 /* Resources */ = {
			isa = PBXResourcesBuildPhase;
			buildActionMask = 2147483647;
			files = (
				71A2CC4020BCFD6D00B64F72 /* .swiftlint.yml in Resources */,
				71F1DB6820A5ECE40046C481 /* LaunchScreen.storyboard in Resources */,
				71F1DB6520A5ECE40046C481 /* Assets.xcassets in Resources */,
			);
			runOnlyForDeploymentPostprocessing = 0;
		};
		71F1DB6C20A5ECE40046C481 /* Resources */ = {
			isa = PBXResourcesBuildPhase;
			buildActionMask = 2147483647;
			files = (
			);
			runOnlyForDeploymentPostprocessing = 0;
		};
/* End PBXResourcesBuildPhase section */

/* Begin PBXShellScriptBuildPhase section */
		00859AD7E190DDEC5A140544 /* [CP] Embed Pods Frameworks */ = {
			isa = PBXShellScriptBuildPhase;
			buildActionMask = 2147483647;
			files = (
			);
			inputPaths = (
			);
			name = "[CP] Embed Pods Frameworks";
			outputPaths = (
			);
			runOnlyForDeploymentPostprocessing = 0;
			shellPath = /bin/sh;
			shellScript = "\"${SRCROOT}/Pods/Target Support Files/Pods-NoteXTests/Pods-NoteXTests-frameworks.sh\"\n";
			showEnvVarsInLog = 0;
		};
		2BF1DC950DDD6BFAC249A3FC /* [CP] Copy Pods Resources */ = {
			isa = PBXShellScriptBuildPhase;
			buildActionMask = 2147483647;
			files = (
			);
			inputPaths = (
			);
			name = "[CP] Copy Pods Resources";
			outputPaths = (
			);
			runOnlyForDeploymentPostprocessing = 0;
			shellPath = /bin/sh;
			shellScript = "\"${SRCROOT}/Pods/Target Support Files/Pods-NoteX/Pods-NoteX-resources.sh\"\n";
			showEnvVarsInLog = 0;
		};
		71A2CC4120BCFD8200B64F72 /* SwiftLint */ = {
			isa = PBXShellScriptBuildPhase;
			buildActionMask = 2147483647;
			files = (
			);
			inputPaths = (
			);
			name = SwiftLint;
			outputPaths = (
			);
			runOnlyForDeploymentPostprocessing = 0;
			shellPath = /bin/sh;
			shellScript = "if which swiftlint >/dev/null; then\nswiftlint\nelse\necho \"warning: SwiftLint not installed, download from https://github.com/realm/SwiftLint\"\nfi";
		};
		BA022C6175A85CFDBA62C16C /* [CP] Copy Pods Resources */ = {
			isa = PBXShellScriptBuildPhase;
			buildActionMask = 2147483647;
			files = (
			);
			inputPaths = (
			);
			name = "[CP] Copy Pods Resources";
			outputPaths = (
			);
			runOnlyForDeploymentPostprocessing = 0;
			shellPath = /bin/sh;
			shellScript = "\"${SRCROOT}/Pods/Target Support Files/Pods-NoteXTests/Pods-NoteXTests-resources.sh\"\n";
			showEnvVarsInLog = 0;
		};
		D2FBF5CDB9C4BD9807F47AA4 /* [CP] Check Pods Manifest.lock */ = {
			isa = PBXShellScriptBuildPhase;
			buildActionMask = 2147483647;
			files = (
			);
			inputPaths = (
				"${PODS_PODFILE_DIR_PATH}/Podfile.lock",
				"${PODS_ROOT}/Manifest.lock",
			);
			name = "[CP] Check Pods Manifest.lock";
			outputPaths = (
				"$(DERIVED_FILE_DIR)/Pods-NoteX-checkManifestLockResult.txt",
			);
			runOnlyForDeploymentPostprocessing = 0;
			shellPath = /bin/sh;
			shellScript = "diff \"${PODS_PODFILE_DIR_PATH}/Podfile.lock\" \"${PODS_ROOT}/Manifest.lock\" > /dev/null\nif [ $? != 0 ] ; then\n    # print error to STDERR\n    echo \"error: The sandbox is not in sync with the Podfile.lock. Run 'pod install' or update your CocoaPods installation.\" >&2\n    exit 1\nfi\n# This output is used by Xcode 'outputs' to avoid re-running this script phase.\necho \"SUCCESS\" > \"${SCRIPT_OUTPUT_FILE_0}\"\n";
			showEnvVarsInLog = 0;
		};
		D567435B1087AABC31D40039 /* [CP] Check Pods Manifest.lock */ = {
			isa = PBXShellScriptBuildPhase;
			buildActionMask = 2147483647;
			files = (
			);
			inputPaths = (
				"${PODS_PODFILE_DIR_PATH}/Podfile.lock",
				"${PODS_ROOT}/Manifest.lock",
			);
			name = "[CP] Check Pods Manifest.lock";
			outputPaths = (
				"$(DERIVED_FILE_DIR)/Pods-NoteXTests-checkManifestLockResult.txt",
			);
			runOnlyForDeploymentPostprocessing = 0;
			shellPath = /bin/sh;
			shellScript = "diff \"${PODS_PODFILE_DIR_PATH}/Podfile.lock\" \"${PODS_ROOT}/Manifest.lock\" > /dev/null\nif [ $? != 0 ] ; then\n    # print error to STDERR\n    echo \"error: The sandbox is not in sync with the Podfile.lock. Run 'pod install' or update your CocoaPods installation.\" >&2\n    exit 1\nfi\n# This output is used by Xcode 'outputs' to avoid re-running this script phase.\necho \"SUCCESS\" > \"${SCRIPT_OUTPUT_FILE_0}\"\n";
			showEnvVarsInLog = 0;
		};
		F8646932B01761039D84D2C7 /* [CP] Embed Pods Frameworks */ = {
			isa = PBXShellScriptBuildPhase;
			buildActionMask = 2147483647;
			files = (
			);
			inputPaths = (
				"${SRCROOT}/Pods/Target Support Files/Pods-NoteX/Pods-NoteX-frameworks.sh",
				"${BUILT_PRODUCTS_DIR}/PinLayout/PinLayout.framework",
				"${BUILT_PRODUCTS_DIR}/Realm/Realm.framework",
				"${BUILT_PRODUCTS_DIR}/RealmSwift/RealmSwift.framework",
			);
			name = "[CP] Embed Pods Frameworks";
			outputPaths = (
				"${TARGET_BUILD_DIR}/${FRAMEWORKS_FOLDER_PATH}/PinLayout.framework",
				"${TARGET_BUILD_DIR}/${FRAMEWORKS_FOLDER_PATH}/Realm.framework",
				"${TARGET_BUILD_DIR}/${FRAMEWORKS_FOLDER_PATH}/RealmSwift.framework",
			);
			runOnlyForDeploymentPostprocessing = 0;
			shellPath = /bin/sh;
			shellScript = "\"${SRCROOT}/Pods/Target Support Files/Pods-NoteX/Pods-NoteX-frameworks.sh\"\n";
			showEnvVarsInLog = 0;
		};
/* End PBXShellScriptBuildPhase section */

/* Begin PBXSourcesBuildPhase section */
		71F1DB5620A5ECE30046C481 /* Sources */ = {
			isa = PBXSourcesBuildPhase;
			buildActionMask = 2147483647;
			files = (
				71A2CC3620BC8B2000B64F72 /* NoteDetailViewController.swift in Sources */,
				71A2CC3A20BCEF2E00B64F72 /* BaseViewProtocol.swift in Sources */,
				71C3866E20B84EF20058E0FA /* NoteDataManagerProtocol.swift in Sources */,
				71A2CC1D20BC7C7A00B64F72 /* DateExtension.swift in Sources */,
				71A2CC2520BC7F1000B64F72 /* UIImageExtension.swift in Sources */,
				71A2CC2720BC7F4800B64F72 /* TakeNoteView.swift in Sources */,
				71A2CC2120BC7E7B00B64F72 /* BaseUIView.swift in Sources */,
				71A2CC3420BC87A800B64F72 /* NoteDetailPresenter.swift in Sources */,
				71A2CC2320BC7E9100B64F72 /* BaseUIViewController.swift in Sources */,
				71C3867220B850BE0058E0FA /* AttachmentDataMangerProtocol.swift in Sources */,
				71A2CC3220BC873600B64F72 /* NoteDetailInteractor.swift in Sources */,
				71C3866520B7E7D20058E0FA /* Notebook.swift in Sources */,
				71A2CC1520BC792300B64F72 /* NoteListWireframe.swift in Sources */,
				71C3866C20B84DA70058E0FA /* DatabaseProtocol.swift in Sources */,
				71C3867520B851350058E0FA /* NoteDataManager.swift in Sources */,
				71A2CC1120BC781A00B64F72 /* NoteListInteractor.swift in Sources */,
				71A2CC3020BC869400B64F72 /* NoteDetailProtocol.swift in Sources */,
				71A2CC0F20BC76B700B64F72 /* NoteListProtocol.swift in Sources */,
				71A2CC1720BC794600B64F72 /* NoteListViewController.swift in Sources */,
				71C3867920B855210058E0FA /* AttachmentDataManger.swift in Sources */,
				71A2CC3820BC8D6C00B64F72 /* NoteDetailWireframe.swift in Sources */,
				71C3867020B84FAA0058E0FA /* NotebookDataManagerProtocol.swift in Sources */,
				71A2CC3E20BCF5DD00B64F72 /* NoteDetailViewDelegate.swift in Sources */,
				71C3867720B8540B0058E0FA /* NotebookDataManager.swift in Sources */,
				71F1DB5E20A5ECE40046C481 /* AppDelegate.swift in Sources */,
				71C3866720B7E81E0058E0FA /* Note.swift in Sources */,
				71A2CC1320BC789200B64F72 /* NoteListPresenter.swift in Sources */,
				71A2CC1920BC79E400B64F72 /* NoteCell.swift in Sources */,
				71A2CC2920BC805A00B64F72 /* TakeNoteViewDelegate.swift in Sources */,
				71A2CC0820BC75DB00B64F72 /* AppComponents.swift in Sources */,
				71A2CC0020BC682A00B64F72 /* DataManager.swift in Sources */,
				71C3866920B7E8C10058E0FA /* Attachment.swift in Sources */,
			);
			runOnlyForDeploymentPostprocessing = 0;
		};
		71F1DB6A20A5ECE40046C481 /* Sources */ = {
			isa = PBXSourcesBuildPhase;
			buildActionMask = 2147483647;
			files = (
				71F1DB7320A5ECE40046C481 /* NoteXTests.swift in Sources */,
			);
			runOnlyForDeploymentPostprocessing = 0;
		};
/* End PBXSourcesBuildPhase section */

/* Begin PBXTargetDependency section */
		71F1DB7020A5ECE40046C481 /* PBXTargetDependency */ = {
			isa = PBXTargetDependency;
			target = 71F1DB5920A5ECE30046C481 /* NoteX */;
			targetProxy = 71F1DB6F20A5ECE40046C481 /* PBXContainerItemProxy */;
		};
/* End PBXTargetDependency section */

/* Begin PBXVariantGroup section */
		71F1DB6620A5ECE40046C481 /* LaunchScreen.storyboard */ = {
			isa = PBXVariantGroup;
			children = (
				71F1DB6720A5ECE40046C481 /* Base */,
			);
			name = LaunchScreen.storyboard;
			sourceTree = "<group>";
		};
/* End PBXVariantGroup section */

/* Begin XCBuildConfiguration section */
		71F1DB7520A5ECE40046C481 /* Debug */ = {
			isa = XCBuildConfiguration;
			buildSettings = {
				ALWAYS_SEARCH_USER_PATHS = NO;
				CLANG_ANALYZER_NONNULL = YES;
				CLANG_ANALYZER_NUMBER_OBJECT_CONVERSION = YES_AGGRESSIVE;
				CLANG_CXX_LANGUAGE_STANDARD = "gnu++14";
				CLANG_CXX_LIBRARY = "libc++";
				CLANG_ENABLE_MODULES = YES;
				CLANG_ENABLE_OBJC_ARC = YES;
				CLANG_WARN_BLOCK_CAPTURE_AUTORELEASING = YES;
				CLANG_WARN_BOOL_CONVERSION = YES;
				CLANG_WARN_COMMA = YES;
				CLANG_WARN_CONSTANT_CONVERSION = YES;
				CLANG_WARN_DIRECT_OBJC_ISA_USAGE = YES_ERROR;
				CLANG_WARN_DOCUMENTATION_COMMENTS = YES;
				CLANG_WARN_EMPTY_BODY = YES;
				CLANG_WARN_ENUM_CONVERSION = YES;
				CLANG_WARN_INFINITE_RECURSION = YES;
				CLANG_WARN_INT_CONVERSION = YES;
				CLANG_WARN_NON_LITERAL_NULL_CONVERSION = YES;
				CLANG_WARN_OBJC_LITERAL_CONVERSION = YES;
				CLANG_WARN_OBJC_ROOT_CLASS = YES_ERROR;
				CLANG_WARN_RANGE_LOOP_ANALYSIS = YES;
				CLANG_WARN_STRICT_PROTOTYPES = YES;
				CLANG_WARN_SUSPICIOUS_MOVE = YES;
				CLANG_WARN_UNGUARDED_AVAILABILITY = YES_AGGRESSIVE;
				CLANG_WARN_UNREACHABLE_CODE = YES;
				CLANG_WARN__DUPLICATE_METHOD_MATCH = YES;
				CODE_SIGN_IDENTITY = "iPhone Developer";
				COPY_PHASE_STRIP = NO;
				DEBUG_INFORMATION_FORMAT = dwarf;
				ENABLE_STRICT_OBJC_MSGSEND = YES;
				ENABLE_TESTABILITY = YES;
				GCC_C_LANGUAGE_STANDARD = gnu11;
				GCC_DYNAMIC_NO_PIC = NO;
				GCC_NO_COMMON_BLOCKS = YES;
				GCC_OPTIMIZATION_LEVEL = 0;
				GCC_PREPROCESSOR_DEFINITIONS = (
					"DEBUG=1",
					"$(inherited)",
				);
				GCC_WARN_64_TO_32_BIT_CONVERSION = YES;
				GCC_WARN_ABOUT_RETURN_TYPE = YES_ERROR;
				GCC_WARN_UNDECLARED_SELECTOR = YES;
				GCC_WARN_UNINITIALIZED_AUTOS = YES_AGGRESSIVE;
				GCC_WARN_UNUSED_FUNCTION = YES;
				GCC_WARN_UNUSED_VARIABLE = YES;
				IPHONEOS_DEPLOYMENT_TARGET = 11.2;
				MTL_ENABLE_DEBUG_INFO = YES;
				ONLY_ACTIVE_ARCH = YES;
				SDKROOT = iphoneos;
				SWIFT_ACTIVE_COMPILATION_CONDITIONS = DEBUG;
				SWIFT_OPTIMIZATION_LEVEL = "-Onone";
			};
			name = Debug;
		};
		71F1DB7620A5ECE40046C481 /* Release */ = {
			isa = XCBuildConfiguration;
			buildSettings = {
				ALWAYS_SEARCH_USER_PATHS = NO;
				CLANG_ANALYZER_NONNULL = YES;
				CLANG_ANALYZER_NUMBER_OBJECT_CONVERSION = YES_AGGRESSIVE;
				CLANG_CXX_LANGUAGE_STANDARD = "gnu++14";
				CLANG_CXX_LIBRARY = "libc++";
				CLANG_ENABLE_MODULES = YES;
				CLANG_ENABLE_OBJC_ARC = YES;
				CLANG_WARN_BLOCK_CAPTURE_AUTORELEASING = YES;
				CLANG_WARN_BOOL_CONVERSION = YES;
				CLANG_WARN_COMMA = YES;
				CLANG_WARN_CONSTANT_CONVERSION = YES;
				CLANG_WARN_DIRECT_OBJC_ISA_USAGE = YES_ERROR;
				CLANG_WARN_DOCUMENTATION_COMMENTS = YES;
				CLANG_WARN_EMPTY_BODY = YES;
				CLANG_WARN_ENUM_CONVERSION = YES;
				CLANG_WARN_INFINITE_RECURSION = YES;
				CLANG_WARN_INT_CONVERSION = YES;
				CLANG_WARN_NON_LITERAL_NULL_CONVERSION = YES;
				CLANG_WARN_OBJC_LITERAL_CONVERSION = YES;
				CLANG_WARN_OBJC_ROOT_CLASS = YES_ERROR;
				CLANG_WARN_RANGE_LOOP_ANALYSIS = YES;
				CLANG_WARN_STRICT_PROTOTYPES = YES;
				CLANG_WARN_SUSPICIOUS_MOVE = YES;
				CLANG_WARN_UNGUARDED_AVAILABILITY = YES_AGGRESSIVE;
				CLANG_WARN_UNREACHABLE_CODE = YES;
				CLANG_WARN__DUPLICATE_METHOD_MATCH = YES;
				CODE_SIGN_IDENTITY = "iPhone Developer";
				COPY_PHASE_STRIP = NO;
				DEBUG_INFORMATION_FORMAT = "dwarf-with-dsym";
				ENABLE_NS_ASSERTIONS = NO;
				ENABLE_STRICT_OBJC_MSGSEND = YES;
				GCC_C_LANGUAGE_STANDARD = gnu11;
				GCC_NO_COMMON_BLOCKS = YES;
				GCC_WARN_64_TO_32_BIT_CONVERSION = YES;
				GCC_WARN_ABOUT_RETURN_TYPE = YES_ERROR;
				GCC_WARN_UNDECLARED_SELECTOR = YES;
				GCC_WARN_UNINITIALIZED_AUTOS = YES_AGGRESSIVE;
				GCC_WARN_UNUSED_FUNCTION = YES;
				GCC_WARN_UNUSED_VARIABLE = YES;
				IPHONEOS_DEPLOYMENT_TARGET = 11.2;
				MTL_ENABLE_DEBUG_INFO = NO;
				SDKROOT = iphoneos;
				SWIFT_OPTIMIZATION_LEVEL = "-Owholemodule";
				VALIDATE_PRODUCT = YES;
			};
			name = Release;
		};
		71F1DB7820A5ECE40046C481 /* Debug */ = {
			isa = XCBuildConfiguration;
			baseConfigurationReference = CD7593D46B452067F6CFE342 /* Pods-NoteX.debug.xcconfig */;
			buildSettings = {
				ASSETCATALOG_COMPILER_APPICON_NAME = AppIcon;
				CODE_SIGN_STYLE = Automatic;
				DEVELOPMENT_TEAM = BH46VD9229;
				INFOPLIST_FILE = "$(SRCROOT)/NoteX/AppConfig/Info.plist";
				IPHONEOS_DEPLOYMENT_TARGET = 10.0;
				LD_RUNPATH_SEARCH_PATHS = "$(inherited) @executable_path/Frameworks";
				PRODUCT_BUNDLE_IDENTIFIER = com.notex;
				PRODUCT_NAME = "$(TARGET_NAME)";
				SWIFT_VERSION = 4.0;
				TARGETED_DEVICE_FAMILY = "1,2";
			};
			name = Debug;
		};
		71F1DB7920A5ECE40046C481 /* Release */ = {
			isa = XCBuildConfiguration;
			baseConfigurationReference = 7B37C5E3ACE983BB3B51FB8F /* Pods-NoteX.release.xcconfig */;
			buildSettings = {
				ASSETCATALOG_COMPILER_APPICON_NAME = AppIcon;
				CODE_SIGN_STYLE = Automatic;
				DEVELOPMENT_TEAM = BH46VD9229;
				INFOPLIST_FILE = "$(SRCROOT)/NoteX/AppConfig/Info.plist";
				IPHONEOS_DEPLOYMENT_TARGET = 10.0;
				LD_RUNPATH_SEARCH_PATHS = "$(inherited) @executable_path/Frameworks";
				PRODUCT_BUNDLE_IDENTIFIER = com.notex;
				PRODUCT_NAME = "$(TARGET_NAME)";
				SWIFT_VERSION = 4.0;
				TARGETED_DEVICE_FAMILY = "1,2";
			};
			name = Release;
		};
		71F1DB7B20A5ECE40046C481 /* Debug */ = {
			isa = XCBuildConfiguration;
			baseConfigurationReference = 705E0B7D15F8BC286272487C /* Pods-NoteXTests.debug.xcconfig */;
			buildSettings = {
				ALWAYS_EMBED_SWIFT_STANDARD_LIBRARIES = YES;
				BUNDLE_LOADER = "$(TEST_HOST)";
				CODE_SIGN_STYLE = Automatic;
				DEVELOPMENT_TEAM = BH46VD9229;
				INFOPLIST_FILE = NoteXTests/Info.plist;
				LD_RUNPATH_SEARCH_PATHS = "$(inherited) @executable_path/Frameworks @loader_path/Frameworks";
				PRODUCT_BUNDLE_IDENTIFIER = com.dqhieu.NoteXTests;
				PRODUCT_NAME = "$(TARGET_NAME)";
				SWIFT_VERSION = 4.0;
				TARGETED_DEVICE_FAMILY = "1,2";
				TEST_HOST = "$(BUILT_PRODUCTS_DIR)/NoteX.app/NoteX";
			};
			name = Debug;
		};
		71F1DB7C20A5ECE40046C481 /* Release */ = {
			isa = XCBuildConfiguration;
			baseConfigurationReference = 5F3E68AB56B33951342EB5F4 /* Pods-NoteXTests.release.xcconfig */;
			buildSettings = {
				ALWAYS_EMBED_SWIFT_STANDARD_LIBRARIES = YES;
				BUNDLE_LOADER = "$(TEST_HOST)";
				CODE_SIGN_STYLE = Automatic;
				DEVELOPMENT_TEAM = BH46VD9229;
				INFOPLIST_FILE = NoteXTests/Info.plist;
				LD_RUNPATH_SEARCH_PATHS = "$(inherited) @executable_path/Frameworks @loader_path/Frameworks";
				PRODUCT_BUNDLE_IDENTIFIER = com.dqhieu.NoteXTests;
				PRODUCT_NAME = "$(TARGET_NAME)";
				SWIFT_VERSION = 4.0;
				TARGETED_DEVICE_FAMILY = "1,2";
				TEST_HOST = "$(BUILT_PRODUCTS_DIR)/NoteX.app/NoteX";
			};
			name = Release;
		};
/* End XCBuildConfiguration section */

/* Begin XCConfigurationList section */
		71F1DB5520A5ECE30046C481 /* Build configuration list for PBXProject "NoteX" */ = {
			isa = XCConfigurationList;
			buildConfigurations = (
				71F1DB7520A5ECE40046C481 /* Debug */,
				71F1DB7620A5ECE40046C481 /* Release */,
			);
			defaultConfigurationIsVisible = 0;
			defaultConfigurationName = Release;
		};
		71F1DB7720A5ECE40046C481 /* Build configuration list for PBXNativeTarget "NoteX" */ = {
			isa = XCConfigurationList;
			buildConfigurations = (
				71F1DB7820A5ECE40046C481 /* Debug */,
				71F1DB7920A5ECE40046C481 /* Release */,
			);
			defaultConfigurationIsVisible = 0;
			defaultConfigurationName = Release;
		};
		71F1DB7A20A5ECE40046C481 /* Build configuration list for PBXNativeTarget "NoteXTests" */ = {
			isa = XCConfigurationList;
			buildConfigurations = (
				71F1DB7B20A5ECE40046C481 /* Debug */,
				71F1DB7C20A5ECE40046C481 /* Release */,
			);
			defaultConfigurationIsVisible = 0;
			defaultConfigurationName = Release;
		};
/* End XCConfigurationList section */
	};
	rootObject = 71F1DB5220A5ECE30046C481 /* Project object */;
}
